
Microsoft Visual Studio Solution File, Format Version 12.00
# Visual Studio Version 17
VisualStudioVersion = 17.6.33723.286
MinimumVisualStudioVersion = 10.0.40219.1
Project("{9A19103F-16F7-4668-BE54-9A1E7A4F7556}") = "InterviewTest", "InterviewTest\InterviewTest.csproj", "{9357BBB7-D793-4F5C-85BE-A95A3F95CE63}"
EndProject
Project("{FAE04EC0-301F-11D3-BF4B-00C04F79EFBC}") = "CountCharacterTest", "CountCharacterTest\CountCharacterTest.csproj", "{54B9BD25-604A-46CD-AF81-D85A6BC53C29}"
EndProject
Global
	GlobalSection(SolutionConfigurationPlatforms) = preSolution
		Debug|Any CPU = Debug|Any CPU
		Release|Any CPU = Release|Any CPU
	EndGlobalSection
	GlobalSection(ProjectConfigurationPlatforms) = postSolution
		{9357BBB7-D793-4F5C-85BE-A95A3F95CE63}.Debug|Any CPU.ActiveCfg = Debug|Any CPU
		{9357BBB7-D793-4F5C-85BE-A95A3F95CE63}.Debug|Any CPU.Build.0 = Debug|Any CPU
		{9357BBB7-D793-4F5C-85BE-A95A3F95CE63}.Release|Any CPU.ActiveCfg = Release|Any CPU
		{9357BBB7-D793-4F5C-85BE-A95A3F95CE63}.Release|Any CPU.Build.0 = Release|Any CPU
		{54B9BD25-604A-46CD-AF81-D85A6BC53C29}.Debug|Any CPU.ActiveCfg = Debug|Any CPU
		{54B9BD25-604A-46CD-AF81-D85A6BC53C29}.Debug|Any CPU.Build.0 = Debug|Any CPU
		{54B9BD25-604A-46CD-AF81-D85A6BC53C29}.Release|Any CPU.ActiveCfg = Release|Any CPU
		{54B9BD25-604A-46CD-AF81-D85A6BC53C29}.Release|Any CPU.Build.0 = Release|Any CPU
	EndGlobalSection
	GlobalSection(SolutionProperties) = preSolution
		HideSolutionNode = FALSE
	EndGlobalSection
	GlobalSection(ExtensibilityGlobals) = postSolution
		SolutionGuid = {47B28D22-6C8B-444F-BE41-BEE8AD0C73A5}
	EndGlobalSection
EndGlobal
